
Microsoft Visual Studio Solution File, Format Version 12.00
# Visual Studio Version 17
VisualStudioVersion = 17.3.32901.215
MinimumVisualStudioVersion = 10.0.40219.1
Project("{9A19103F-16F7-4668-BE54-9A1E7A4F7556}") = "OOPassignment", "OOPassignment.csproj", "{3AB36961-9FD0-4144-B156-9A550F62503E}"
EndProject
Project("{FAE04EC0-301F-11D3-BF4B-00C04F79EFBC}") = "TestBag", "..\TestBag\TestBag.csproj", "{C488ADF4-1438-4672-A94A-D302E797530C}"
EndProject
Global
	GlobalSection(SolutionConfigurationPlatforms) = preSolution
		Debug|Any CPU = Debug|Any CPU
		Release|Any CPU = Release|Any CPU
	EndGlobalSection
	GlobalSection(ProjectConfigurationPlatforms) = postSolution
		{3AB36961-9FD0-4144-B156-9A550F62503E}.Debug|Any CPU.ActiveCfg = Debug|Any CPU
		{3AB36961-9FD0-4144-B156-9A550F62503E}.Debug|Any CPU.Build.0 = Debug|Any CPU
		{3AB36961-9FD0-4144-B156-9A550F62503E}.Release|Any CPU.ActiveCfg = Release|Any CPU
		{3AB36961-9FD0-4144-B156-9A550F62503E}.Release|Any CPU.Build.0 = Release|Any CPU
		{C488ADF4-1438-4672-A94A-D302E797530C}.Debug|Any CPU.ActiveCfg = Debug|Any CPU
		{C488ADF4-1438-4672-A94A-D302E797530C}.Debug|Any CPU.Build.0 = Debug|Any CPU
		{C488ADF4-1438-4672-A94A-D302E797530C}.Release|Any CPU.ActiveCfg = Release|Any CPU
		{C488ADF4-1438-4672-A94A-D302E797530C}.Release|Any CPU.Build.0 = Release|Any CPU
	EndGlobalSection
	GlobalSection(SolutionProperties) = preSolution
		HideSolutionNode = FALSE
	EndGlobalSection
	GlobalSection(ExtensibilityGlobals) = postSolution
		SolutionGuid = {54DD7C3C-7C90-4DA4-B040-8B31FE561754}
	EndGlobalSection
EndGlobal
